
Microsoft Visual Studio Solution File, Format Version 12.00
# Visual Studio Version 16
VisualStudioVersion = 16.0.30114.105
MinimumVisualStudioVersion = 10.0.40219.1
Project("{9A19103F-16F7-4668-BE54-9A1E7A4F7556}") = "EFDataAccessLibrary", "EFDataAccessLibrary\EFDataAccessLibrary.csproj", "{4BE925A5-FC93-4360-B810-DEA7540904BE}"
EndProject
Project("{FAE04EC0-301F-11D3-BF4B-00C04F79EFBC}") = "MoneyManagementBlazorCore", "MoneyManagementBlazorCore\MoneyManagementBlazorCore.csproj", "{0617B8F7-36E5-4263-B616-6408F2CF297B}"
EndProject
Global
	GlobalSection(SolutionConfigurationPlatforms) = preSolution
		Debug|Any CPU = Debug|Any CPU
		Release|Any CPU = Release|Any CPU
	EndGlobalSection
	GlobalSection(ProjectConfigurationPlatforms) = postSolution
		{4BE925A5-FC93-4360-B810-DEA7540904BE}.Debug|Any CPU.ActiveCfg = Debug|Any CPU
		{4BE925A5-FC93-4360-B810-DEA7540904BE}.Debug|Any CPU.Build.0 = Debug|Any CPU
		{4BE925A5-FC93-4360-B810-DEA7540904BE}.Release|Any CPU.ActiveCfg = Release|Any CPU
		{4BE925A5-FC93-4360-B810-DEA7540904BE}.Release|Any CPU.Build.0 = Release|Any CPU
		{0617B8F7-36E5-4263-B616-6408F2CF297B}.Debug|Any CPU.ActiveCfg = Debug|Any CPU
		{0617B8F7-36E5-4263-B616-6408F2CF297B}.Debug|Any CPU.Build.0 = Debug|Any CPU
		{0617B8F7-36E5-4263-B616-6408F2CF297B}.Release|Any CPU.ActiveCfg = Release|Any CPU
		{0617B8F7-36E5-4263-B616-6408F2CF297B}.Release|Any CPU.Build.0 = Release|Any CPU
	EndGlobalSection
	GlobalSection(SolutionProperties) = preSolution
		HideSolutionNode = FALSE
	EndGlobalSection
	GlobalSection(ExtensibilityGlobals) = postSolution
		SolutionGuid = {0CBC7F49-3F41-4C16-AF5F-118927512F7D}
	EndGlobalSection
EndGlobal
